<Solution>
  <Folder Name="/src/">
    <Project Path="src/XmlTransformer.Cli/XmlTransformer.Cli.csproj" />
    <Project Path="src/XmlTransformer.Core/XmlTransformer.Core.csproj" />
  </Folder>
  <Folder Name="/tests/">
    <Project Path="tests/XmlTransformer.Tests/XmlTransformer.Tests.csproj" />
  </Folder>
</Solution>
